
Microsoft Visual Studio Solution File, Format Version 12.00
# Visual Studio Version 17
VisualStudioVersion = 17.11.35222.181
MinimumVisualStudioVersion = 10.0.40219.1
Project("{FAE04EC0-301F-11D3-BF4B-00C04F79EFBC}") = "HotelRegistration", "HotelRegistration.csproj", "{B3807FAF-481D-4F0F-8624-DCBD086AF89C}"
EndProject
Global
	GlobalSection(SolutionConfigurationPlatforms) = preSolution
		Debug|Any CPU = Debug|Any CPU
		Release|Any CPU = Release|Any CPU
	EndGlobalSection
	GlobalSection(ProjectConfigurationPlatforms) = postSolution
		{B3807FAF-481D-4F0F-8624-DCBD086AF89C}.Debug|Any CPU.ActiveCfg = Debug|Any CPU
		{B3807FAF-481D-4F0F-8624-DCBD086AF89C}.Debug|Any CPU.Build.0 = Debug|Any CPU
		{B3807FAF-481D-4F0F-8624-DCBD086AF89C}.Release|Any CPU.ActiveCfg = Release|Any CPU
		{B3807FAF-481D-4F0F-8624-DCBD086AF89C}.Release|Any CPU.Build.0 = Release|Any CPU
	EndGlobalSection
	GlobalSection(SolutionProperties) = preSolution
		HideSolutionNode = FALSE
	EndGlobalSection
	GlobalSection(ExtensibilityGlobals) = postSolution
		SolutionGuid = {8D281EF5-3C27-4E27-AE17-7F36602642B4}
	EndGlobalSection
EndGlobal
